
Microsoft Visual Studio Solution File, Format Version 12.00
# Visual Studio Version 17
VisualStudioVersion = 17.14.36414.22
MinimumVisualStudioVersion = 10.0.40219.1
Project("{FAE04EC0-301F-11D3-BF4B-00C04F79EFBC}") = "ServerList", "ServerList.csproj", "{5AF428D7-8730-4140-B1C5-0C520A73EFE3}"
EndProject
Global
	GlobalSection(SolutionConfigurationPlatforms) = preSolution
		Debug|Any CPU = Debug|Any CPU
		Release|Any CPU = Release|Any CPU
	EndGlobalSection
	GlobalSection(ProjectConfigurationPlatforms) = postSolution
		{5AF428D7-8730-4140-B1C5-0C520A73EFE3}.Debug|Any CPU.ActiveCfg = Debug|Any CPU
		{5AF428D7-8730-4140-B1C5-0C520A73EFE3}.Debug|Any CPU.Build.0 = Debug|Any CPU
		{5AF428D7-8730-4140-B1C5-0C520A73EFE3}.Release|Any CPU.ActiveCfg = Release|Any CPU
		{5AF428D7-8730-4140-B1C5-0C520A73EFE3}.Release|Any CPU.Build.0 = Release|Any CPU
	EndGlobalSection
	GlobalSection(SolutionProperties) = preSolution
		HideSolutionNode = FALSE
	EndGlobalSection
	GlobalSection(ExtensibilityGlobals) = postSolution
		SolutionGuid = {C9279C8F-5D50-4CA6-BA54-7D81859956B1}
	EndGlobalSection
EndGlobal
